
Microsoft Visual Studio Solution File, Format Version 12.00
# Visual Studio Version 17
VisualStudioVersion = 17.11.35327.3
MinimumVisualStudioVersion = 10.0.40219.1
Project("{FAE04EC0-301F-11D3-BF4B-00C04F79EFBC}") = "Stelic_Ionut_Lab2", "Stelic_Ionut_Lab2.csproj", "{9A75BEF7-C3A0-4ACB-9FD3-5CDA4B36EE35}"
EndProject
Global
	GlobalSection(SolutionConfigurationPlatforms) = preSolution
		Debug|Any CPU = Debug|Any CPU
		Release|Any CPU = Release|Any CPU
	EndGlobalSection
	GlobalSection(ProjectConfigurationPlatforms) = postSolution
		{9A75BEF7-C3A0-4ACB-9FD3-5CDA4B36EE35}.Debug|Any CPU.ActiveCfg = Debug|Any CPU
		{9A75BEF7-C3A0-4ACB-9FD3-5CDA4B36EE35}.Debug|Any CPU.Build.0 = Debug|Any CPU
		{9A75BEF7-C3A0-4ACB-9FD3-5CDA4B36EE35}.Release|Any CPU.ActiveCfg = Release|Any CPU
		{9A75BEF7-C3A0-4ACB-9FD3-5CDA4B36EE35}.Release|Any CPU.Build.0 = Release|Any CPU
	EndGlobalSection
	GlobalSection(SolutionProperties) = preSolution
		HideSolutionNode = FALSE
	EndGlobalSection
	GlobalSection(ExtensibilityGlobals) = postSolution
		SolutionGuid = {1EEC554E-8715-4B7B-AB50-05B48C988D5A}
	EndGlobalSection
EndGlobal
